
Microsoft Visual Studio Solution File, Format Version 12.00
# Visual Studio Version 16
VisualStudioVersion = 16.0.29519.87
MinimumVisualStudioVersion = 10.0.40219.1
Project("{FAE04EC0-301F-11D3-BF4B-00C04F79EFBC}") = "DemoWebAPI", "DemoWebAPI\DemoWebAPI.csproj", "{8913518D-4F3A-41B9-88EF-034ADB7EBE45}"
EndProject
Global
	GlobalSection(SolutionConfigurationPlatforms) = preSolution
		Debug|Any CPU = Debug|Any CPU
		Release|Any CPU = Release|Any CPU
	EndGlobalSection
	GlobalSection(ProjectConfigurationPlatforms) = postSolution
		{8913518D-4F3A-41B9-88EF-034ADB7EBE45}.Debug|Any CPU.ActiveCfg = Debug|Any CPU
		{8913518D-4F3A-41B9-88EF-034ADB7EBE45}.Debug|Any CPU.Build.0 = Debug|Any CPU
		{8913518D-4F3A-41B9-88EF-034ADB7EBE45}.Release|Any CPU.ActiveCfg = Release|Any CPU
		{8913518D-4F3A-41B9-88EF-034ADB7EBE45}.Release|Any CPU.Build.0 = Release|Any CPU
	EndGlobalSection
	GlobalSection(SolutionProperties) = preSolution
		HideSolutionNode = FALSE
	EndGlobalSection
	GlobalSection(ExtensibilityGlobals) = postSolution
		SolutionGuid = {41080B6C-B1CE-472D-BB78-27CEA07A91FD}
	EndGlobalSection
EndGlobal
